
Microsoft Visual Studio Solution File, Format Version 12.00
# Visual Studio Version 17
VisualStudioVersion = 17.4.33213.308
MinimumVisualStudioVersion = 10.0.40219.1
Project("{FAE04EC0-301F-11D3-BF4B-00C04F79EFBC}") = "Employee", "Employee\Employee.csproj", "{9B62F71D-BCFE-47E1-AB8F-8BD70A55A7F1}"
EndProject
Global
	GlobalSection(SolutionConfigurationPlatforms) = preSolution
		Debug|Any CPU = Debug|Any CPU
		Release|Any CPU = Release|Any CPU
	EndGlobalSection
	GlobalSection(ProjectConfigurationPlatforms) = postSolution
		{9B62F71D-BCFE-47E1-AB8F-8BD70A55A7F1}.Debug|Any CPU.ActiveCfg = Debug|Any CPU
		{9B62F71D-BCFE-47E1-AB8F-8BD70A55A7F1}.Debug|Any CPU.Build.0 = Debug|Any CPU
		{9B62F71D-BCFE-47E1-AB8F-8BD70A55A7F1}.Release|Any CPU.ActiveCfg = Release|Any CPU
		{9B62F71D-BCFE-47E1-AB8F-8BD70A55A7F1}.Release|Any CPU.Build.0 = Release|Any CPU
	EndGlobalSection
	GlobalSection(SolutionProperties) = preSolution
		HideSolutionNode = FALSE
	EndGlobalSection
	GlobalSection(ExtensibilityGlobals) = postSolution
		SolutionGuid = {D081F238-99EE-4301-B4B3-07E69B883E1F}
	EndGlobalSection
EndGlobal
